// !$*UTF8*$!
{
	archiveVersion = 1;
	classes = {
	};
	objectVersion = 46;
	objects = {

/* Begin PBXBuildFile section */
		EF1B16241B59E4E4002DB7DE /* GitInfo.swift in Sources */ = {isa = PBXBuildFile; fileRef = EF1B16231B59E4E4002DB7DE /* GitInfo.swift */; };
		EF8F554C1A96B3DA00FCC289 /* Config.swift in Sources */ = {isa = PBXBuildFile; fileRef = EF8F554B1A96B3DA00FCC289 /* Config.swift */; };
		EF8F554E1A96B60D00FCC289 /* Logger.swift in Sources */ = {isa = PBXBuildFile; fileRef = EF8F554D1A96B60D00FCC289 /* Logger.swift */; };
		EFC22C5C1A89A86400938E42 /* LOLImage.swift in Sources */ = {isa = PBXBuildFile; fileRef = EFC22C5B1A89A86400938E42 /* LOLImage.swift */; };
		EFEA72181A896936004483D4 /* main.swift in Sources */ = {isa = PBXBuildFile; fileRef = EFEA72171A896936004483D4 /* main.swift */; };
		EFEA72231A896DB9004483D4 /* CamSnapper.swift in Sources */ = {isa = PBXBuildFile; fileRef = EFEA72221A896DB9004483D4 /* CamSnapper.swift */; };
/* End PBXBuildFile section */

/* Begin PBXCopyFilesBuildPhase section */
		EFEA72121A896936004483D4 /* CopyFiles */ = {
			isa = PBXCopyFilesBuildPhase;
			buildActionMask = 2147483647;
			dstPath = /usr/share/man/man1/;
			dstSubfolderSpec = 0;
			files = (
			);
			runOnlyForDeploymentPostprocessing = 1;
		};
/* End PBXCopyFilesBuildPhase section */

/* Begin PBXFileReference section */
		EF1B16231B59E4E4002DB7DE /* GitInfo.swift */ = {isa = PBXFileReference; fileEncoding = 4; lastKnownFileType = sourcecode.swift; path = GitInfo.swift; sourceTree = "<group>"; };
		EF2AF4711A927B6F0068FA06 /* README.md */ = {isa = PBXFileReference; lastKnownFileType = net.daringfireball.markdown; path = README.md; sourceTree = SOURCE_ROOT; };
		EF8F554B1A96B3DA00FCC289 /* Config.swift */ = {isa = PBXFileReference; fileEncoding = 4; lastKnownFileType = sourcecode.swift; path = Config.swift; sourceTree = "<group>"; };
		EF8F554D1A96B60D00FCC289 /* Logger.swift */ = {isa = PBXFileReference; fileEncoding = 4; lastKnownFileType = sourcecode.swift; path = Logger.swift; sourceTree = "<group>"; };
		EFC22C5B1A89A86400938E42 /* LOLImage.swift */ = {isa = PBXFileReference; fileEncoding = 4; lastKnownFileType = sourcecode.swift; path = LOLImage.swift; sourceTree = "<group>"; };
		EFEA72141A896936004483D4 /* lolcapture */ = {isa = PBXFileReference; explicitFileType = "compiled.mach-o.executable"; includeInIndex = 0; path = lolcapture; sourceTree = BUILT_PRODUCTS_DIR; };
		EFEA72171A896936004483D4 /* main.swift */ = {isa = PBXFileReference; lastKnownFileType = sourcecode.swift; path = main.swift; sourceTree = "<group>"; };
		EFEA72221A896DB9004483D4 /* CamSnapper.swift */ = {isa = PBXFileReference; fileEncoding = 4; lastKnownFileType = sourcecode.swift; path = CamSnapper.swift; sourceTree = "<group>"; };
/* End PBXFileReference section */

/* Begin PBXFrameworksBuildPhase section */
		EFEA72111A896936004483D4 /* Frameworks */ = {
			isa = PBXFrameworksBuildPhase;
			buildActionMask = 2147483647;
			files = (
			);
			runOnlyForDeploymentPostprocessing = 0;
		};
/* End PBXFrameworksBuildPhase section */

/* Begin PBXGroup section */
		EF29A1301B5B302300AAF84A /* Lib */ = {
			isa = PBXGroup;
			children = (
				EFEA72221A896DB9004483D4 /* CamSnapper.swift */,
				EF1B16231B59E4E4002DB7DE /* GitInfo.swift */,
				EFC22C5B1A89A86400938E42 /* LOLImage.swift */,
				EF8F554D1A96B60D00FCC289 /* Logger.swift */,
			);
			name = Lib;
			sourceTree = "<group>";
		};
		EFEA720B1A896936004483D4 = {
			isa = PBXGroup;
			children = (
				EF2AF4711A927B6F0068FA06 /* README.md */,
				EFEA72161A896936004483D4 /* lolcapture */,
				EFEA72151A896936004483D4 /* Products */,
			);
			sourceTree = "<group>";
		};
		EFEA72151A896936004483D4 /* Products */ = {
			isa = PBXGroup;
			children = (
				EFEA72141A896936004483D4 /* lolcapture */,
			);
			name = Products;
			sourceTree = "<group>";
		};
		EFEA72161A896936004483D4 /* lolcapture */ = {
			isa = PBXGroup;
			children = (
				EF29A1301B5B302300AAF84A /* Lib */,
				EF8F554B1A96B3DA00FCC289 /* Config.swift */,
				EFEA72171A896936004483D4 /* main.swift */,
			);
			path = lolcapture;
			sourceTree = "<group>";
		};
/* End PBXGroup section */

/* Begin PBXNativeTarget section */
		EFEA72131A896936004483D4 /* lolcapture */ = {
			isa = PBXNativeTarget;
			buildConfigurationList = EFEA721B1A896936004483D4 /* Build configuration list for PBXNativeTarget "lolcapture" */;
			buildPhases = (
				EFEA72101A896936004483D4 /* Sources */,
				EFEA72111A896936004483D4 /* Frameworks */,
				EFEA72121A896936004483D4 /* CopyFiles */,
			);
			buildRules = (
			);
			dependencies = (
			);
			name = lolcapture;
			productName = lolcommits;
			productReference = EFEA72141A896936004483D4 /* lolcapture */;
			productType = "com.apple.product-type.tool";
		};
/* End PBXNativeTarget section */

/* Begin PBXProject section */
		EFEA720C1A896936004483D4 /* Project object */ = {
			isa = PBXProject;
			attributes = {
				LastUpgradeCheck = 0610;
				ORGANIZATIONNAME = "Matthew Rothenberg";
				TargetAttributes = {
					EFEA72131A896936004483D4 = {
						CreatedOnToolsVersion = 6.1.1;
					};
				};
			};
			buildConfigurationList = EFEA720F1A896936004483D4 /* Build configuration list for PBXProject "lolcapture" */;
			compatibilityVersion = "Xcode 3.2";
			developmentRegion = English;
			hasScannedForEncodings = 0;
			knownRegions = (
				en,
			);
			mainGroup = EFEA720B1A896936004483D4;
			productRefGroup = EFEA72151A896936004483D4 /* Products */;
			projectDirPath = "";
			projectRoot = "";
			targets = (
				EFEA72131A896936004483D4 /* lolcapture */,
			);
		};
/* End PBXProject section */

/* Begin PBXSourcesBuildPhase section */
		EFEA72101A896936004483D4 /* Sources */ = {
			isa = PBXSourcesBuildPhase;
			buildActionMask = 2147483647;
			files = (
				EF8F554E1A96B60D00FCC289 /* Logger.swift in Sources */,
				EFEA72181A896936004483D4 /* main.swift in Sources */,
				EF8F554C1A96B3DA00FCC289 /* Config.swift in Sources */,
				EFEA72231A896DB9004483D4 /* CamSnapper.swift in Sources */,
				EF1B16241B59E4E4002DB7DE /* GitInfo.swift in Sources */,
				EFC22C5C1A89A86400938E42 /* LOLImage.swift in Sources */,
			);
			runOnlyForDeploymentPostprocessing = 0;
		};
/* End PBXSourcesBuildPhase section */

/* Begin XCBuildConfiguration section */
		EFEA72191A896936004483D4 /* Debug */ = {
			isa = XCBuildConfiguration;
			buildSettings = {
				ALWAYS_SEARCH_USER_PATHS = NO;
				CLANG_CXX_LANGUAGE_STANDARD = "gnu++0x";
				CLANG_CXX_LIBRARY = "libc++";
				CLANG_ENABLE_MODULES = YES;
				CLANG_ENABLE_OBJC_ARC = YES;
				CLANG_WARN_BOOL_CONVERSION = YES;
				CLANG_WARN_CONSTANT_CONVERSION = YES;
				CLANG_WARN_DIRECT_OBJC_ISA_USAGE = YES_ERROR;
				CLANG_WARN_EMPTY_BODY = YES;
				CLANG_WARN_ENUM_CONVERSION = YES;
				CLANG_WARN_INT_CONVERSION = YES;
				CLANG_WARN_OBJC_ROOT_CLASS = YES_ERROR;
				CLANG_WARN_UNREACHABLE_CODE = YES;
				CLANG_WARN__DUPLICATE_METHOD_MATCH = YES;
				COPY_PHASE_STRIP = NO;
				ENABLE_STRICT_OBJC_MSGSEND = YES;
				GCC_C_LANGUAGE_STANDARD = gnu99;
				GCC_DYNAMIC_NO_PIC = NO;
				GCC_OPTIMIZATION_LEVEL = 0;
				GCC_PREPROCESSOR_DEFINITIONS = (
					"DEBUG=1",
					"$(inherited)",
				);
				GCC_SYMBOLS_PRIVATE_EXTERN = NO;
				GCC_WARN_64_TO_32_BIT_CONVERSION = YES;
				GCC_WARN_ABOUT_RETURN_TYPE = YES_ERROR;
				GCC_WARN_UNDECLARED_SELECTOR = YES;
				GCC_WARN_UNINITIALIZED_AUTOS = YES_AGGRESSIVE;
				GCC_WARN_UNUSED_FUNCTION = YES;
				GCC_WARN_UNUSED_VARIABLE = YES;
				MACOSX_DEPLOYMENT_TARGET = 10.10;
				MTL_ENABLE_DEBUG_INFO = YES;
				ONLY_ACTIVE_ARCH = YES;
				SDKROOT = macosx;
				SWIFT_OPTIMIZATION_LEVEL = "-Onone";
			};
			name = Debug;
		};
		EFEA721A1A896936004483D4 /* Release */ = {
			isa = XCBuildConfiguration;
			buildSettings = {
				ALWAYS_SEARCH_USER_PATHS = NO;
				CLANG_CXX_LANGUAGE_STANDARD = "gnu++0x";
				CLANG_CXX_LIBRARY = "libc++";
				CLANG_ENABLE_MODULES = YES;
				CLANG_ENABLE_OBJC_ARC = YES;
				CLANG_WARN_BOOL_CONVERSION = YES;
				CLANG_WARN_CONSTANT_CONVERSION = YES;
				CLANG_WARN_DIRECT_OBJC_ISA_USAGE = YES_ERROR;
				CLANG_WARN_EMPTY_BODY = YES;
				CLANG_WARN_ENUM_CONVERSION = YES;
				CLANG_WARN_INT_CONVERSION = YES;
				CLANG_WARN_OBJC_ROOT_CLASS = YES_ERROR;
				CLANG_WARN_UNREACHABLE_CODE = YES;
				CLANG_WARN__DUPLICATE_METHOD_MATCH = YES;
				COPY_PHASE_STRIP = YES;
				DEBUG_INFORMATION_FORMAT = "dwarf-with-dsym";
				ENABLE_NS_ASSERTIONS = NO;
				ENABLE_STRICT_OBJC_MSGSEND = YES;
				GCC_C_LANGUAGE_STANDARD = gnu99;
				GCC_WARN_64_TO_32_BIT_CONVERSION = YES;
				GCC_WARN_ABOUT_RETURN_TYPE = YES_ERROR;
				GCC_WARN_UNDECLARED_SELECTOR = YES;
				GCC_WARN_UNINITIALIZED_AUTOS = YES_AGGRESSIVE;
				GCC_WARN_UNUSED_FUNCTION = YES;
				GCC_WARN_UNUSED_VARIABLE = YES;
				MACOSX_DEPLOYMENT_TARGET = 10.10;
				MTL_ENABLE_DEBUG_INFO = NO;
				SDKROOT = macosx;
			};
			name = Release;
		};
		EFEA721C1A896936004483D4 /* Debug */ = {
			isa = XCBuildConfiguration;
			buildSettings = {
				PRODUCT_NAME = lolcapture;
			};
			name = Debug;
		};
		EFEA721D1A896936004483D4 /* Release */ = {
			isa = XCBuildConfiguration;
			buildSettings = {
				PRODUCT_NAME = lolcapture;
			};
			name = Release;
		};
/* End XCBuildConfiguration section */

/* Begin XCConfigurationList section */
		EFEA720F1A896936004483D4 /* Build configuration list for PBXProject "lolcapture" */ = {
			isa = XCConfigurationList;
			buildConfigurations = (
				EFEA72191A896936004483D4 /* Debug */,
				EFEA721A1A896936004483D4 /* Release */,
			);
			defaultConfigurationIsVisible = 0;
			defaultConfigurationName = Release;
		};
		EFEA721B1A896936004483D4 /* Build configuration list for PBXNativeTarget "lolcapture" */ = {
			isa = XCConfigurationList;
			buildConfigurations = (
				EFEA721C1A896936004483D4 /* Debug */,
				EFEA721D1A896936004483D4 /* Release */,
			);
			defaultConfigurationIsVisible = 0;
			defaultConfigurationName = Release;
		};
/* End XCConfigurationList section */
	};
	rootObject = EFEA720C1A896936004483D4 /* Project object */;
}
